// !$*UTF8*$!
{
	archiveVersion = 1;
	classes = {
	};
	objectVersion = 46;
	objects = {

/* Begin PBXBuildFile section */
		A61DE05E1B9A8C77003B93A2 /* ProfileEditViewController.swift in Sources */ = {isa = PBXBuildFile; fileRef = A61DE05D1B9A8C77003B93A2 /* ProfileEditViewController.swift */; };
		A6209B5B1B94C77D000A22A5 /* TweetDetailViewController.swift in Sources */ = {isa = PBXBuildFile; fileRef = A6209B591B94C77D000A22A5 /* TweetDetailViewController.swift */; };
		A64096691B8D0E4A001D6E0A /* Accounts.framework in Frameworks */ = {isa = PBXBuildFile; fileRef = A64096681B8D0E4A001D6E0A /* Accounts.framework */; };
		A640966B1B8D0E51001D6E0A /* Social.framework in Frameworks */ = {isa = PBXBuildFile; fileRef = A640966A1B8D0E51001D6E0A /* Social.framework */; };
		A64096711B921EE3001D6E0A /* TweetPostViewController.swift in Sources */ = {isa = PBXBuildFile; fileRef = A64096701B921EE3001D6E0A /* TweetPostViewController.swift */; };
		A65A74121BA5A6CC00328E7A /* TwitterServiceManager.swift in Sources */ = {isa = PBXBuildFile; fileRef = A65A74111BA5A6CC00328E7A /* TwitterServiceManager.swift */; };
		A65A74141BA5F8D600328E7A /* FollowingViewController.swift in Sources */ = {isa = PBXBuildFile; fileRef = A65A74131BA5F8D600328E7A /* FollowingViewController.swift */; };
		A65A74161BA5F8F400328E7A /* FollowerViewController.swift in Sources */ = {isa = PBXBuildFile; fileRef = A65A74151BA5F8F400328E7A /* FollowerViewController.swift */; };
		F90107BF1B87007600BB6E11 /* TimelineViewController.swift in Sources */ = {isa = PBXBuildFile; fileRef = F90107BE1B87007600BB6E11 /* TimelineViewController.swift */; };
		F9BB55391B80AC0D008D3323 /* AppDelegate.swift in Sources */ = {isa = PBXBuildFile; fileRef = F9BB55381B80AC0D008D3323 /* AppDelegate.swift */; };
		F9BB553B1B80AC0D008D3323 /* ViewController.swift in Sources */ = {isa = PBXBuildFile; fileRef = F9BB553A1B80AC0D008D3323 /* ViewController.swift */; };
		F9BB553E1B80AC0D008D3323 /* Main.storyboard in Resources */ = {isa = PBXBuildFile; fileRef = F9BB553C1B80AC0D008D3323 /* Main.storyboard */; };
		F9BB55401B80AC0D008D3323 /* Images.xcassets in Resources */ = {isa = PBXBuildFile; fileRef = F9BB553F1B80AC0D008D3323 /* Images.xcassets */; };
		F9BB55431B80AC0D008D3323 /* LaunchScreen.xib in Resources */ = {isa = PBXBuildFile; fileRef = F9BB55411B80AC0D008D3323 /* LaunchScreen.xib */; };
		F9BB554F1B80AC0D008D3323 /* twitter_sampleTests.swift in Sources */ = {isa = PBXBuildFile; fileRef = F9BB554E1B80AC0D008D3323 /* twitter_sampleTests.swift */; };
/* End PBXBuildFile section */

/* Begin PBXContainerItemProxy section */
		F9BB55491B80AC0D008D3323 /* PBXContainerItemProxy */ = {
			isa = PBXContainerItemProxy;
			containerPortal = F9BB552B1B80AC0D008D3323 /* Project object */;
			proxyType = 1;
			remoteGlobalIDString = F9BB55321B80AC0D008D3323;
			remoteInfo = twitter_sample;
		};
/* End PBXContainerItemProxy section */

/* Begin PBXFileReference section */
		A61DE05D1B9A8C77003B93A2 /* ProfileEditViewController.swift */ = {isa = PBXFileReference; fileEncoding = 4; lastKnownFileType = sourcecode.swift; path = ProfileEditViewController.swift; sourceTree = "<group>"; };
		A6209B591B94C77D000A22A5 /* TweetDetailViewController.swift */ = {isa = PBXFileReference; fileEncoding = 4; lastKnownFileType = sourcecode.swift; path = TweetDetailViewController.swift; sourceTree = "<group>"; };
		A64096681B8D0E4A001D6E0A /* Accounts.framework */ = {isa = PBXFileReference; lastKnownFileType = wrapper.framework; name = Accounts.framework; path = System/Library/Frameworks/Accounts.framework; sourceTree = SDKROOT; };
		A640966A1B8D0E51001D6E0A /* Social.framework */ = {isa = PBXFileReference; lastKnownFileType = wrapper.framework; name = Social.framework; path = System/Library/Frameworks/Social.framework; sourceTree = SDKROOT; };
		A64096701B921EE3001D6E0A /* TweetPostViewController.swift */ = {isa = PBXFileReference; fileEncoding = 4; lastKnownFileType = sourcecode.swift; path = TweetPostViewController.swift; sourceTree = "<group>"; };
		A65A74111BA5A6CC00328E7A /* TwitterServiceManager.swift */ = {isa = PBXFileReference; fileEncoding = 4; lastKnownFileType = sourcecode.swift; path = TwitterServiceManager.swift; sourceTree = "<group>"; };
		A65A74131BA5F8D600328E7A /* FollowingViewController.swift */ = {isa = PBXFileReference; fileEncoding = 4; lastKnownFileType = sourcecode.swift; path = FollowingViewController.swift; sourceTree = "<group>"; };
		A65A74151BA5F8F400328E7A /* FollowerViewController.swift */ = {isa = PBXFileReference; fileEncoding = 4; lastKnownFileType = sourcecode.swift; path = FollowerViewController.swift; sourceTree = "<group>"; };
		F90107BE1B87007600BB6E11 /* TimelineViewController.swift */ = {isa = PBXFileReference; fileEncoding = 4; lastKnownFileType = sourcecode.swift; path = TimelineViewController.swift; sourceTree = "<group>"; };
		F9BB55331B80AC0D008D3323 /* twitter_sample.app */ = {isa = PBXFileReference; explicitFileType = wrapper.application; includeInIndex = 0; path = twitter_sample.app; sourceTree = BUILT_PRODUCTS_DIR; };
		F9BB55371B80AC0D008D3323 /* Info.plist */ = {isa = PBXFileReference; lastKnownFileType = text.plist.xml; path = Info.plist; sourceTree = "<group>"; };
		F9BB55381B80AC0D008D3323 /* AppDelegate.swift */ = {isa = PBXFileReference; lastKnownFileType = sourcecode.swift; path = AppDelegate.swift; sourceTree = "<group>"; };
		F9BB553A1B80AC0D008D3323 /* ViewController.swift */ = {isa = PBXFileReference; lastKnownFileType = sourcecode.swift; path = ViewController.swift; sourceTree = "<group>"; };
		F9BB553D1B80AC0D008D3323 /* Base */ = {isa = PBXFileReference; lastKnownFileType = file.storyboard; name = Base; path = Base.lproj/Main.storyboard; sourceTree = "<group>"; };
		F9BB553F1B80AC0D008D3323 /* Images.xcassets */ = {isa = PBXFileReference; lastKnownFileType = folder.assetcatalog; path = Images.xcassets; sourceTree = "<group>"; };
		F9BB55421B80AC0D008D3323 /* Base */ = {isa = PBXFileReference; lastKnownFileType = file.xib; name = Base; path = Base.lproj/LaunchScreen.xib; sourceTree = "<group>"; };
		F9BB55481B80AC0D008D3323 /* twitter_sampleTests.xctest */ = {isa = PBXFileReference; explicitFileType = wrapper.cfbundle; includeInIndex = 0; path = twitter_sampleTests.xctest; sourceTree = BUILT_PRODUCTS_DIR; };
		F9BB554D1B80AC0D008D3323 /* Info.plist */ = {isa = PBXFileReference; lastKnownFileType = text.plist.xml; path = Info.plist; sourceTree = "<group>"; };
		F9BB554E1B80AC0D008D3323 /* twitter_sampleTests.swift */ = {isa = PBXFileReference; lastKnownFileType = sourcecode.swift; path = twitter_sampleTests.swift; sourceTree = "<group>"; };
/* End PBXFileReference section */

/* Begin PBXFrameworksBuildPhase section */
		F9BB55301B80AC0D008D3323 /* Frameworks */ = {
			isa = PBXFrameworksBuildPhase;
			buildActionMask = 2147483647;
			files = (
				A640966B1B8D0E51001D6E0A /* Social.framework in Frameworks */,
				A64096691B8D0E4A001D6E0A /* Accounts.framework in Frameworks */,
			);
			runOnlyForDeploymentPostprocessing = 0;
		};
		F9BB55451B80AC0D008D3323 /* Frameworks */ = {
			isa = PBXFrameworksBuildPhase;
			buildActionMask = 2147483647;
			files = (
			);
			runOnlyForDeploymentPostprocessing = 0;
		};
/* End PBXFrameworksBuildPhase section */

/* Begin PBXGroup section */
		F9BB552A1B80AC0D008D3323 = {
			isa = PBXGroup;
			children = (
				A640966A1B8D0E51001D6E0A /* Social.framework */,
				A64096681B8D0E4A001D6E0A /* Accounts.framework */,
				F9BB55351B80AC0D008D3323 /* twitter_sample */,
				F9BB554B1B80AC0D008D3323 /* twitter_sampleTests */,
				F9BB55341B80AC0D008D3323 /* Products */,
			);
			sourceTree = "<group>";
		};
		F9BB55341B80AC0D008D3323 /* Products */ = {
			isa = PBXGroup;
			children = (
				F9BB55331B80AC0D008D3323 /* twitter_sample.app */,
				F9BB55481B80AC0D008D3323 /* twitter_sampleTests.xctest */,
			);
			name = Products;
			sourceTree = "<group>";
		};
		F9BB55351B80AC0D008D3323 /* twitter_sample */ = {
			isa = PBXGroup;
			children = (
				A65A74111BA5A6CC00328E7A /* TwitterServiceManager.swift */,
				F9BB55381B80AC0D008D3323 /* AppDelegate.swift */,
				F9BB553A1B80AC0D008D3323 /* ViewController.swift */,
				A61DE05D1B9A8C77003B93A2 /* ProfileEditViewController.swift */,
				A6209B591B94C77D000A22A5 /* TweetDetailViewController.swift */,
				F90107BE1B87007600BB6E11 /* TimelineViewController.swift */,
				A64096701B921EE3001D6E0A /* TweetPostViewController.swift */,
				A65A74131BA5F8D600328E7A /* FollowingViewController.swift */,
				A65A74151BA5F8F400328E7A /* FollowerViewController.swift */,
				F9BB553C1B80AC0D008D3323 /* Main.storyboard */,
				F9BB553F1B80AC0D008D3323 /* Images.xcassets */,
				F9BB55411B80AC0D008D3323 /* LaunchScreen.xib */,
				F9BB55361B80AC0D008D3323 /* Supporting Files */,
			);
			path = twitter_sample;
			sourceTree = "<group>";
		};
		F9BB55361B80AC0D008D3323 /* Supporting Files */ = {
			isa = PBXGroup;
			children = (
				F9BB55371B80AC0D008D3323 /* Info.plist */,
			);
			name = "Supporting Files";
			sourceTree = "<group>";
		};
		F9BB554B1B80AC0D008D3323 /* twitter_sampleTests */ = {
			isa = PBXGroup;
			children = (
				F9BB554E1B80AC0D008D3323 /* twitter_sampleTests.swift */,
				F9BB554C1B80AC0D008D3323 /* Supporting Files */,
			);
			path = twitter_sampleTests;
			sourceTree = "<group>";
		};
		F9BB554C1B80AC0D008D3323 /* Supporting Files */ = {
			isa = PBXGroup;
			children = (
				F9BB554D1B80AC0D008D3323 /* Info.plist */,
			);
			name = "Supporting Files";
			sourceTree = "<group>";
		};
/* End PBXGroup section */

/* Begin PBXNativeTarget section */
		F9BB55321B80AC0D008D3323 /* twitter_sample */ = {
			isa = PBXNativeTarget;
			buildConfigurationList = F9BB55521B80AC0D008D3323 /* Build configuration list for PBXNativeTarget "twitter_sample" */;
			buildPhases = (
				F9BB552F1B80AC0D008D3323 /* Sources */,
				F9BB55301B80AC0D008D3323 /* Frameworks */,
				F9BB55311B80AC0D008D3323 /* Resources */,
			);
			buildRules = (
			);
			dependencies = (
			);
			name = twitter_sample;
			productName = twitter_sample;
			productReference = F9BB55331B80AC0D008D3323 /* twitter_sample.app */;
			productType = "com.apple.product-type.application";
		};
		F9BB55471B80AC0D008D3323 /* twitter_sampleTests */ = {
			isa = PBXNativeTarget;
			buildConfigurationList = F9BB55551B80AC0D008D3323 /* Build configuration list for PBXNativeTarget "twitter_sampleTests" */;
			buildPhases = (
				F9BB55441B80AC0D008D3323 /* Sources */,
				F9BB55451B80AC0D008D3323 /* Frameworks */,
				F9BB55461B80AC0D008D3323 /* Resources */,
			);
			buildRules = (
			);
			dependencies = (
				F9BB554A1B80AC0D008D3323 /* PBXTargetDependency */,
			);
			name = twitter_sampleTests;
			productName = twitter_sampleTests;
			productReference = F9BB55481B80AC0D008D3323 /* twitter_sampleTests.xctest */;
			productType = "com.apple.product-type.bundle.unit-test";
		};
/* End PBXNativeTarget section */

/* Begin PBXProject section */
		F9BB552B1B80AC0D008D3323 /* Project object */ = {
			isa = PBXProject;
			attributes = {
				LastUpgradeCheck = 0640;
				ORGANIZATIONNAME = "Hiromasa Nagamine";
				TargetAttributes = {
					F9BB55321B80AC0D008D3323 = {
						CreatedOnToolsVersion = 6.4;
					};
					F9BB55471B80AC0D008D3323 = {
						CreatedOnToolsVersion = 6.4;
						TestTargetID = F9BB55321B80AC0D008D3323;
					};
				};
			};
			buildConfigurationList = F9BB552E1B80AC0D008D3323 /* Build configuration list for PBXProject "twitter_sample" */;
			compatibilityVersion = "Xcode 3.2";
			developmentRegion = English;
			hasScannedForEncodings = 0;
			knownRegions = (
				en,
				Base,
			);
			mainGroup = F9BB552A1B80AC0D008D3323;
			productRefGroup = F9BB55341B80AC0D008D3323 /* Products */;
			projectDirPath = "";
			projectRoot = "";
			targets = (
				F9BB55321B80AC0D008D3323 /* twitter_sample */,
				F9BB55471B80AC0D008D3323 /* twitter_sampleTests */,
			);
		};
/* End PBXProject section */

/* Begin PBXResourcesBuildPhase section */
		F9BB55311B80AC0D008D3323 /* Resources */ = {
			isa = PBXResourcesBuildPhase;
			buildActionMask = 2147483647;
			files = (
				F9BB553E1B80AC0D008D3323 /* Main.storyboard in Resources */,
				F9BB55431B80AC0D008D3323 /* LaunchScreen.xib in Resources */,
				F9BB55401B80AC0D008D3323 /* Images.xcassets in Resources */,
			);
			runOnlyForDeploymentPostprocessing = 0;
		};
		F9BB55461B80AC0D008D3323 /* Resources */ = {
			isa = PBXResourcesBuildPhase;
			buildActionMask = 2147483647;
			files = (
			);
			runOnlyForDeploymentPostprocessing = 0;
		};
/* End PBXResourcesBuildPhase section */

/* Begin PBXSourcesBuildPhase section */
		F9BB552F1B80AC0D008D3323 /* Sources */ = {
			isa = PBXSourcesBuildPhase;
			buildActionMask = 2147483647;
			files = (
				A65A74141BA5F8D600328E7A /* FollowingViewController.swift in Sources */,
				A65A74161BA5F8F400328E7A /* FollowerViewController.swift in Sources */,
				F9BB553B1B80AC0D008D3323 /* ViewController.swift in Sources */,
				A65A74121BA5A6CC00328E7A /* TwitterServiceManager.swift in Sources */,
				F9BB55391B80AC0D008D3323 /* AppDelegate.swift in Sources */,
				F90107BF1B87007600BB6E11 /* TimelineViewController.swift in Sources */,
				A64096711B921EE3001D6E0A /* TweetPostViewController.swift in Sources */,
				A61DE05E1B9A8C77003B93A2 /* ProfileEditViewController.swift in Sources */,
				A6209B5B1B94C77D000A22A5 /* TweetDetailViewController.swift in Sources */,
			);
			runOnlyForDeploymentPostprocessing = 0;
		};
		F9BB55441B80AC0D008D3323 /* Sources */ = {
			isa = PBXSourcesBuildPhase;
			buildActionMask = 2147483647;
			files = (
				F9BB554F1B80AC0D008D3323 /* twitter_sampleTests.swift in Sources */,
			);
			runOnlyForDeploymentPostprocessing = 0;
		};
/* End PBXSourcesBuildPhase section */

/* Begin PBXTargetDependency section */
		F9BB554A1B80AC0D008D3323 /* PBXTargetDependency */ = {
			isa = PBXTargetDependency;
			target = F9BB55321B80AC0D008D3323 /* twitter_sample */;
			targetProxy = F9BB55491B80AC0D008D3323 /* PBXContainerItemProxy */;
		};
/* End PBXTargetDependency section */

/* Begin PBXVariantGroup section */
		F9BB553C1B80AC0D008D3323 /* Main.storyboard */ = {
			isa = PBXVariantGroup;
			children = (
				F9BB553D1B80AC0D008D3323 /* Base */,
			);
			name = Main.storyboard;
			sourceTree = "<group>";
		};
		F9BB55411B80AC0D008D3323 /* LaunchScreen.xib */ = {
			isa = PBXVariantGroup;
			children = (
				F9BB55421B80AC0D008D3323 /* Base */,
			);
			name = LaunchScreen.xib;
			sourceTree = "<group>";
		};
/* End PBXVariantGroup section */

/* Begin XCBuildConfiguration section */
		F9BB55501B80AC0D008D3323 /* Debug */ = {
			isa = XCBuildConfiguration;
			buildSettings = {
				ALWAYS_SEARCH_USER_PATHS = NO;
				CLANG_CXX_LANGUAGE_STANDARD = "gnu++0x";
				CLANG_CXX_LIBRARY = "libc++";
				CLANG_ENABLE_MODULES = YES;
				CLANG_ENABLE_OBJC_ARC = YES;
				CLANG_WARN_BOOL_CONVERSION = YES;
				CLANG_WARN_CONSTANT_CONVERSION = YES;
				CLANG_WARN_DIRECT_OBJC_ISA_USAGE = YES_ERROR;
				CLANG_WARN_EMPTY_BODY = YES;
				CLANG_WARN_ENUM_CONVERSION = YES;
				CLANG_WARN_INT_CONVERSION = YES;
				CLANG_WARN_OBJC_ROOT_CLASS = YES_ERROR;
				CLANG_WARN_UNREACHABLE_CODE = YES;
				CLANG_WARN__DUPLICATE_METHOD_MATCH = YES;
				"CODE_SIGN_IDENTITY[sdk=iphoneos*]" = "iPhone Developer";
				COPY_PHASE_STRIP = NO;
				DEBUG_INFORMATION_FORMAT = "dwarf-with-dsym";
				ENABLE_STRICT_OBJC_MSGSEND = YES;
				GCC_C_LANGUAGE_STANDARD = gnu99;
				GCC_DYNAMIC_NO_PIC = NO;
				GCC_NO_COMMON_BLOCKS = YES;
				GCC_OPTIMIZATION_LEVEL = 0;
				GCC_PREPROCESSOR_DEFINITIONS = (
					"DEBUG=1",
					"$(inherited)",
				);
				GCC_SYMBOLS_PRIVATE_EXTERN = NO;
				GCC_WARN_64_TO_32_BIT_CONVERSION = YES;
				GCC_WARN_ABOUT_RETURN_TYPE = YES_ERROR;
				GCC_WARN_UNDECLARED_SELECTOR = YES;
				GCC_WARN_UNINITIALIZED_AUTOS = YES_AGGRESSIVE;
				GCC_WARN_UNUSED_FUNCTION = YES;
				GCC_WARN_UNUSED_VARIABLE = YES;
				IPHONEOS_DEPLOYMENT_TARGET = 8.4;
				MTL_ENABLE_DEBUG_INFO = YES;
				ONLY_ACTIVE_ARCH = YES;
				SDKROOT = iphoneos;
				SWIFT_OPTIMIZATION_LEVEL = "-Onone";
				TARGETED_DEVICE_FAMILY = "1,2";
			};
			name = Debug;
		};
		F9BB55511B80AC0D008D3323 /* Release */ = {
			isa = XCBuildConfiguration;
			buildSettings = {
				ALWAYS_SEARCH_USER_PATHS = NO;
				CLANG_CXX_LANGUAGE_STANDARD = "gnu++0x";
				CLANG_CXX_LIBRARY = "libc++";
				CLANG_ENABLE_MODULES = YES;
				CLANG_ENABLE_OBJC_ARC = YES;
				CLANG_WARN_BOOL_CONVERSION = YES;
				CLANG_WARN_CONSTANT_CONVERSION = YES;
				CLANG_WARN_DIRECT_OBJC_ISA_USAGE = YES_ERROR;
				CLANG_WARN_EMPTY_BODY = YES;
				CLANG_WARN_ENUM_CONVERSION = YES;
				CLANG_WARN_INT_CONVERSION = YES;
				CLANG_WARN_OBJC_ROOT_CLASS = YES_ERROR;
				CLANG_WARN_UNREACHABLE_CODE = YES;
				CLANG_WARN__DUPLICATE_METHOD_MATCH = YES;
				"CODE_SIGN_IDENTITY[sdk=iphoneos*]" = "iPhone Developer";
				COPY_PHASE_STRIP = NO;
				DEBUG_INFORMATION_FORMAT = "dwarf-with-dsym";
				ENABLE_NS_ASSERTIONS = NO;
				ENABLE_STRICT_OBJC_MSGSEND = YES;
				GCC_C_LANGUAGE_STANDARD = gnu99;
				GCC_NO_COMMON_BLOCKS = YES;
				GCC_WARN_64_TO_32_BIT_CONVERSION = YES;
				GCC_WARN_ABOUT_RETURN_TYPE = YES_ERROR;
				GCC_WARN_UNDECLARED_SELECTOR = YES;
				GCC_WARN_UNINITIALIZED_AUTOS = YES_AGGRESSIVE;
				GCC_WARN_UNUSED_FUNCTION = YES;
				GCC_WARN_UNUSED_VARIABLE = YES;
				IPHONEOS_DEPLOYMENT_TARGET = 8.4;
				MTL_ENABLE_DEBUG_INFO = NO;
				SDKROOT = iphoneos;
				TARGETED_DEVICE_FAMILY = "1,2";
				VALIDATE_PRODUCT = YES;
			};
			name = Release;
		};
		F9BB55531B80AC0D008D3323 /* Debug */ = {
			isa = XCBuildConfiguration;
			buildSettings = {
				ASSETCATALOG_COMPILER_APPICON_NAME = AppIcon;
				INFOPLIST_FILE = twitter_sample/Info.plist;
				LD_RUNPATH_SEARCH_PATHS = "$(inherited) @executable_path/Frameworks";
				PRODUCT_NAME = "$(TARGET_NAME)";
			};
			name = Debug;
		};
		F9BB55541B80AC0D008D3323 /* Release */ = {
			isa = XCBuildConfiguration;
			buildSettings = {
				ASSETCATALOG_COMPILER_APPICON_NAME = AppIcon;
				INFOPLIST_FILE = twitter_sample/Info.plist;
				LD_RUNPATH_SEARCH_PATHS = "$(inherited) @executable_path/Frameworks";
				PRODUCT_NAME = "$(TARGET_NAME)";
			};
			name = Release;
		};
		F9BB55561B80AC0D008D3323 /* Debug */ = {
			isa = XCBuildConfiguration;
			buildSettings = {
				BUNDLE_LOADER = "$(TEST_HOST)";
				FRAMEWORK_SEARCH_PATHS = (
					"$(SDKROOT)/Developer/Library/Frameworks",
					"$(inherited)",
				);
				GCC_PREPROCESSOR_DEFINITIONS = (
					"DEBUG=1",
					"$(inherited)",
				);
				INFOPLIST_FILE = twitter_sampleTests/Info.plist;
				LD_RUNPATH_SEARCH_PATHS = "$(inherited) @executable_path/Frameworks @loader_path/Frameworks";
				PRODUCT_NAME = "$(TARGET_NAME)";
				TEST_HOST = "$(BUILT_PRODUCTS_DIR)/twitter_sample.app/twitter_sample";
			};
			name = Debug;
		};
		F9BB55571B80AC0D008D3323 /* Release */ = {
			isa = XCBuildConfiguration;
			buildSettings = {
				BUNDLE_LOADER = "$(TEST_HOST)";
				FRAMEWORK_SEARCH_PATHS = (
					"$(SDKROOT)/Developer/Library/Frameworks",
					"$(inherited)",
				);
				INFOPLIST_FILE = twitter_sampleTests/Info.plist;
				LD_RUNPATH_SEARCH_PATHS = "$(inherited) @executable_path/Frameworks @loader_path/Frameworks";
				PRODUCT_NAME = "$(TARGET_NAME)";
				TEST_HOST = "$(BUILT_PRODUCTS_DIR)/twitter_sample.app/twitter_sample";
			};
			name = Release;
		};
/* End XCBuildConfiguration section */

/* Begin XCConfigurationList section */
		F9BB552E1B80AC0D008D3323 /* Build configuration list for PBXProject "twitter_sample" */ = {
			isa = XCConfigurationList;
			buildConfigurations = (
				F9BB55501B80AC0D008D3323 /* Debug */,
				F9BB55511B80AC0D008D3323 /* Release */,
			);
			defaultConfigurationIsVisible = 0;
			defaultConfigurationName = Release;
		};
		F9BB55521B80AC0D008D3323 /* Build configuration list for PBXNativeTarget "twitter_sample" */ = {
			isa = XCConfigurationList;
			buildConfigurations = (
				F9BB55531B80AC0D008D3323 /* Debug */,
				F9BB55541B80AC0D008D3323 /* Release */,
			);
			defaultConfigurationIsVisible = 0;
			defaultConfigurationName = Release;
		};
		F9BB55551B80AC0D008D3323 /* Build configuration list for PBXNativeTarget "twitter_sampleTests" */ = {
			isa = XCConfigurationList;
			buildConfigurations = (
				F9BB55561B80AC0D008D3323 /* Debug */,
				F9BB55571B80AC0D008D3323 /* Release */,
			);
			defaultConfigurationIsVisible = 0;
			defaultConfigurationName = Release;
		};
/* End XCConfigurationList section */
	};
	rootObject = F9BB552B1B80AC0D008D3323 /* Project object */;
}
